
Microsoft Visual Studio Solution File, Format Version 12.00
# Visual Studio Version 18
VisualStudioVersion = 18.3.11520.95
MinimumVisualStudioVersion = 10.0.40219.1
Project("{FAE04EC0-301F-11D3-BF4B-00C04F79EFBC}") = "GradeCalculation", "GradeCalculation.csproj", "{B90B6BEE-DDB7-4BB2-9625-F023A56DB6A2}"
EndProject
Project("{FAE04EC0-301F-11D3-BF4B-00C04F79EFBC}") = "DataModel", "..\DataModel\DataModel.csproj", "{FE81BFED-6D21-4986-BFA9-3C3A6632C7A8}"
EndProject
Project("{FAE04EC0-301F-11D3-BF4B-00C04F79EFBC}") = "BussinessDataLogic", "..\BussinessDataLogic\BussinessDataLogic.csproj", "{55BC7F07-B349-4BD3-9023-9C5A1215D5B0}"
EndProject
Project("{FAE04EC0-301F-11D3-BF4B-00C04F79EFBC}") = "DataLogic", "..\DataLogic\DataLogic.csproj", "{1368AFF3-BBA3-48FD-BE62-54088C9D58DB}"
EndProject
Global
	GlobalSection(SolutionConfigurationPlatforms) = preSolution
		Debug|Any CPU = Debug|Any CPU
		Release|Any CPU = Release|Any CPU
	EndGlobalSection
	GlobalSection(ProjectConfigurationPlatforms) = postSolution
		{B90B6BEE-DDB7-4BB2-9625-F023A56DB6A2}.Debug|Any CPU.ActiveCfg = Debug|Any CPU
		{B90B6BEE-DDB7-4BB2-9625-F023A56DB6A2}.Debug|Any CPU.Build.0 = Debug|Any CPU
		{B90B6BEE-DDB7-4BB2-9625-F023A56DB6A2}.Release|Any CPU.ActiveCfg = Release|Any CPU
		{B90B6BEE-DDB7-4BB2-9625-F023A56DB6A2}.Release|Any CPU.Build.0 = Release|Any CPU
		{FE81BFED-6D21-4986-BFA9-3C3A6632C7A8}.Debug|Any CPU.ActiveCfg = Debug|Any CPU
		{FE81BFED-6D21-4986-BFA9-3C3A6632C7A8}.Debug|Any CPU.Build.0 = Debug|Any CPU
		{FE81BFED-6D21-4986-BFA9-3C3A6632C7A8}.Release|Any CPU.ActiveCfg = Release|Any CPU
		{FE81BFED-6D21-4986-BFA9-3C3A6632C7A8}.Release|Any CPU.Build.0 = Release|Any CPU
		{55BC7F07-B349-4BD3-9023-9C5A1215D5B0}.Debug|Any CPU.ActiveCfg = Debug|Any CPU
		{55BC7F07-B349-4BD3-9023-9C5A1215D5B0}.Debug|Any CPU.Build.0 = Debug|Any CPU
		{55BC7F07-B349-4BD3-9023-9C5A1215D5B0}.Release|Any CPU.ActiveCfg = Release|Any CPU
		{55BC7F07-B349-4BD3-9023-9C5A1215D5B0}.Release|Any CPU.Build.0 = Release|Any CPU
		{1368AFF3-BBA3-48FD-BE62-54088C9D58DB}.Debug|Any CPU.ActiveCfg = Debug|Any CPU
		{1368AFF3-BBA3-48FD-BE62-54088C9D58DB}.Debug|Any CPU.Build.0 = Debug|Any CPU
		{1368AFF3-BBA3-48FD-BE62-54088C9D58DB}.Release|Any CPU.ActiveCfg = Release|Any CPU
		{1368AFF3-BBA3-48FD-BE62-54088C9D58DB}.Release|Any CPU.Build.0 = Release|Any CPU
	EndGlobalSection
	GlobalSection(SolutionProperties) = preSolution
		HideSolutionNode = FALSE
	EndGlobalSection
	GlobalSection(ExtensibilityGlobals) = postSolution
		SolutionGuid = {66F122F6-B8FC-4050-A745-6EF87F767695}
	EndGlobalSection
EndGlobal
